{
  "originHash" : "ca18caf2ca9c8d4d7c2cc73317a8c5f2cdc60d563c905ff68d562d2fdba28255",
  "pins" : [
    {
      "identity" : "ai",
      "kind" : "remoteSourceControl",
      "location" : "https://github.com/PreternaturalAI/AI",
      "state" : {
        "branch" : "main",
        "revision" : "ccf79ae975460172a58927d7644781c1aee779bb"
      }
    },
    {
      "identity" : "corepersistence",
      "kind" : "remoteSourceControl",
      "location" : "https://github.com/vmanot/CorePersistence.git",
      "state" : {
        "branch" : "main",
        "revision" : "5e0de9480c71416c6d77c31e31088843315fc7b3"
      }
    },
    {
      "identity" : "dswaveformimage",
      "kind" : "remoteSourceControl",
      "location" : "https://github.com/dmrschmidt/DSWaveformImage",
      "state" : {
        "revision" : "4c56578ee10128ee2b2c04c9c5aa73812de722db",
        "version" : "14.2.2"
      }
    },
    {
      "identity" : "media",
      "kind" : "remoteSourceControl",
      "location" : "https://github.com/vmanot/Media",
      "state" : {
        "branch" : "main",
        "revision" : "71555e341e4b7dab44af15f7409aebde27f70756"
      }
    },
    {
      "identity" : "merge",
      "kind" : "remoteSourceControl",
      "location" : "https://github.com/vmanot/Merge.git",
      "state" : {
        "branch" : "master",
        "revision" : "2544d435c83a3e8c8397cbaac8c36b07f32af542"
      }
    },
    {
      "identity" : "networkkit",
      "kind" : "remoteSourceControl",
      "location" : "https://github.com/vmanot/NetworkKit.git",
      "state" : {
        "branch" : "master",
        "revision" : "caa6076c5d96a921b0bfd00405c0dcf9677ac167"
      }
    },
    {
      "identity" : "swallow",
      "kind" : "remoteSourceControl",
      "location" : "https://github.com/vmanot/Swallow.git",
      "state" : {
        "branch" : "master",
        "revision" : "01d87f060b3c78caa4510e20830bb76002c3bef1"
      }
    },
    {
      "identity" : "swift-collections",
      "kind" : "remoteSourceControl",
      "location" : "https://github.com/apple/swift-collections",
      "state" : {
        "revision" : "ee97538f5b81ae89698fd95938896dec5217b148",
        "version" : "1.1.1"
      }
    },
    {
      "identity" : "swift-syntax",
      "kind" : "remoteSourceControl",
      "location" : "https://github.com/apple/swift-syntax.git",
      "state" : {
        "revision" : "303e5c5c36d6a558407d364878df131c3546fad8",
        "version" : "510.0.2"
      }
    },
    {
      "identity" : "swiftapi",
      "kind" : "remoteSourceControl",
      "location" : "https://github.com/vmanot/SwiftAPI.git",
      "state" : {
        "branch" : "master",
        "revision" : "34ad69cb6fc7f82fbdc1bcfdd3c0041f1c80b1dc"
      }
    },
    {
      "identity" : "swiftui-introspect",
      "kind" : "remoteSourceControl",
      "location" : "https://github.com/siteline/SwiftUI-Introspect",
      "state" : {
        "revision" : "121c146fe591b1320238d054ae35c81ffa45f45a",
        "version" : "0.12.0"
      }
    },
    {
      "identity" : "swiftuix",
      "kind" : "remoteSourceControl",
      "location" : "https://github.com/SwiftUIX/SwiftUIX.git",
      "state" : {
        "branch" : "master",
        "revision" : "df480a33928baf0800f22a2bd9d0d37580bf954f"
      }
    },
    {
      "identity" : "swiftuiz",
      "kind" : "remoteSourceControl",
      "location" : "https://github.com/SwiftUIX/SwiftUIZ.git",
      "state" : {
        "branch" : "main",
        "revision" : "f6a551eddd3b09d595ceb9a6921115545abf54dd"
      }
    }
  ],
  "version" : 3
}
